
Microsoft Visual Studio Solution File, Format Version 12.00
# Visual Studio Version 17
VisualStudioVersion = 17.5.002.0
MinimumVisualStudioVersion = 10.0.40219.1
Project("{9A19103F-16F7-4668-BE54-9A1E7A4F7556}") = "csharp", "csharp.csproj", "{A5C47C44-0A0F-46D8-AE84-2EB51EA25B42}"
EndProject
Project("{2150E333-8FDC-42A3-9474-1A3956D46DE8}") = "bin", "bin", "{A30F09E3-3211-4418-AEAE-0AC6EAE3E24C}"
EndProject
Project("{2150E333-8FDC-42A3-9474-1A3956D46DE8}") = "Release", "Release", "{C85D3BC0-74E3-46C9-A6ED-0B5132D39845}"
EndProject
Project("{2150E333-8FDC-42A3-9474-1A3956D46DE8}") = "net7.0", "net7.0", "{5CE60B1E-C55F-4ED2-A2F9-57AA456963B4}"
EndProject
Project("{9A19103F-16F7-4668-BE54-9A1E7A4F7556}") = "BenchmarkDotNet.Autogenerated", "bin\Release\net7.0\01a51095-3126-424a-be35-84fcced9f385\BenchmarkDotNet.Autogenerated.csproj", "{E0CFA2C8-3C2E-4941-81C4-010E968199C8}"
EndProject
Project("{9A19103F-16F7-4668-BE54-9A1E7A4F7556}") = "BenchmarkDotNet.Autogenerated (1)", "bin\Release\net7.0\71d3ba3b-dba5-474b-a914-bc9c127321b3\BenchmarkDotNet.Autogenerated.csproj", "{06E5AB87-D83E-465C-BC9A-5EFADD7835B0}"
EndProject
Project("{9A19103F-16F7-4668-BE54-9A1E7A4F7556}") = "BenchmarkDotNet.Autogenerated (2)", "bin\Release\net7.0\c2bf1ea0-4e82-43b5-935f-89f33fd47481\BenchmarkDotNet.Autogenerated.csproj", "{D5B653F3-424F-45BB-97BE-F084FCA2F2EF}"
EndProject
Project("{9A19103F-16F7-4668-BE54-9A1E7A4F7556}") = "BenchmarkDotNet.Autogenerated (3)", "bin\Release\net7.0\dd4c717f-bb6f-4b24-b336-4f8c702e4714\BenchmarkDotNet.Autogenerated.csproj", "{104E6FCA-D240-4647-80EE-4682FE999134}"
EndProject
Project("{9A19103F-16F7-4668-BE54-9A1E7A4F7556}") = "BenchmarkDotNet.Autogenerated (4)", "bin\Release\net7.0\f951d837-b951-4958-a664-8ac04a16ba02\BenchmarkDotNet.Autogenerated.csproj", "{09E163FA-1096-4C4D-953C-0B8E58A7C75F}"
EndProject
Global
	GlobalSection(SolutionConfigurationPlatforms) = preSolution
		Debug|Any CPU = Debug|Any CPU
		Release|Any CPU = Release|Any CPU
	EndGlobalSection
	GlobalSection(ProjectConfigurationPlatforms) = postSolution
		{A5C47C44-0A0F-46D8-AE84-2EB51EA25B42}.Debug|Any CPU.ActiveCfg = Debug|Any CPU
		{A5C47C44-0A0F-46D8-AE84-2EB51EA25B42}.Debug|Any CPU.Build.0 = Debug|Any CPU
		{A5C47C44-0A0F-46D8-AE84-2EB51EA25B42}.Release|Any CPU.ActiveCfg = Release|Any CPU
		{A5C47C44-0A0F-46D8-AE84-2EB51EA25B42}.Release|Any CPU.Build.0 = Release|Any CPU
		{E0CFA2C8-3C2E-4941-81C4-010E968199C8}.Debug|Any CPU.ActiveCfg = Debug|Any CPU
		{E0CFA2C8-3C2E-4941-81C4-010E968199C8}.Debug|Any CPU.Build.0 = Debug|Any CPU
		{E0CFA2C8-3C2E-4941-81C4-010E968199C8}.Release|Any CPU.ActiveCfg = Release|Any CPU
		{E0CFA2C8-3C2E-4941-81C4-010E968199C8}.Release|Any CPU.Build.0 = Release|Any CPU
		{06E5AB87-D83E-465C-BC9A-5EFADD7835B0}.Debug|Any CPU.ActiveCfg = Debug|Any CPU
		{06E5AB87-D83E-465C-BC9A-5EFADD7835B0}.Debug|Any CPU.Build.0 = Debug|Any CPU
		{06E5AB87-D83E-465C-BC9A-5EFADD7835B0}.Release|Any CPU.ActiveCfg = Release|Any CPU
		{06E5AB87-D83E-465C-BC9A-5EFADD7835B0}.Release|Any CPU.Build.0 = Release|Any CPU
		{D5B653F3-424F-45BB-97BE-F084FCA2F2EF}.Debug|Any CPU.ActiveCfg = Debug|Any CPU
		{D5B653F3-424F-45BB-97BE-F084FCA2F2EF}.Debug|Any CPU.Build.0 = Debug|Any CPU
		{D5B653F3-424F-45BB-97BE-F084FCA2F2EF}.Release|Any CPU.ActiveCfg = Release|Any CPU
		{D5B653F3-424F-45BB-97BE-F084FCA2F2EF}.Release|Any CPU.Build.0 = Release|Any CPU
		{104E6FCA-D240-4647-80EE-4682FE999134}.Debug|Any CPU.ActiveCfg = Debug|Any CPU
		{104E6FCA-D240-4647-80EE-4682FE999134}.Debug|Any CPU.Build.0 = Debug|Any CPU
		{104E6FCA-D240-4647-80EE-4682FE999134}.Release|Any CPU.ActiveCfg = Release|Any CPU
		{104E6FCA-D240-4647-80EE-4682FE999134}.Release|Any CPU.Build.0 = Release|Any CPU
		{09E163FA-1096-4C4D-953C-0B8E58A7C75F}.Debug|Any CPU.ActiveCfg = Debug|Any CPU
		{09E163FA-1096-4C4D-953C-0B8E58A7C75F}.Debug|Any CPU.Build.0 = Debug|Any CPU
		{09E163FA-1096-4C4D-953C-0B8E58A7C75F}.Release|Any CPU.ActiveCfg = Release|Any CPU
		{09E163FA-1096-4C4D-953C-0B8E58A7C75F}.Release|Any CPU.Build.0 = Release|Any CPU
	EndGlobalSection
	GlobalSection(SolutionProperties) = preSolution
		HideSolutionNode = FALSE
	EndGlobalSection
	GlobalSection(NestedProjects) = preSolution
		{C85D3BC0-74E3-46C9-A6ED-0B5132D39845} = {A30F09E3-3211-4418-AEAE-0AC6EAE3E24C}
		{5CE60B1E-C55F-4ED2-A2F9-57AA456963B4} = {C85D3BC0-74E3-46C9-A6ED-0B5132D39845}
		{E0CFA2C8-3C2E-4941-81C4-010E968199C8} = {5CE60B1E-C55F-4ED2-A2F9-57AA456963B4}
		{06E5AB87-D83E-465C-BC9A-5EFADD7835B0} = {5CE60B1E-C55F-4ED2-A2F9-57AA456963B4}
		{D5B653F3-424F-45BB-97BE-F084FCA2F2EF} = {5CE60B1E-C55F-4ED2-A2F9-57AA456963B4}
		{104E6FCA-D240-4647-80EE-4682FE999134} = {5CE60B1E-C55F-4ED2-A2F9-57AA456963B4}
		{09E163FA-1096-4C4D-953C-0B8E58A7C75F} = {5CE60B1E-C55F-4ED2-A2F9-57AA456963B4}
	EndGlobalSection
	GlobalSection(ExtensibilityGlobals) = postSolution
		SolutionGuid = {372D87A1-4A28-47CD-8881-A7682467F28A}
	EndGlobalSection
EndGlobal
